
Microsoft Visual Studio Solution File, Format Version 12.00
# Visual Studio Version 17
VisualStudioVersion = 17.0.31903.59
MinimumVisualStudioVersion = 10.0.40219.1
Project("{2150E333-8FDC-42A3-9474-1A3956D46DE8}") = ".paket", ".paket", "{59D3FCBD-F9A5-4291-BBF2-0F1B71281EDE}"
	ProjectSection(SolutionItems) = preProject
		paket.dependencies = paket.dependencies
	EndProjectSection
EndProject
Project("{2150E333-8FDC-42A3-9474-1A3956D46DE8}") = "src", "src", "{A5675096-4641-4708-B6BF-41B3218BC10B}"
EndProject
Project("{F2A71F9B-5D33-465A-A702-920D77279786}") = "App", "src\App\App.fsproj", "{6AFF6AA3-94C3-4C08-97D4-3B8D634C8264}"
EndProject
Global
	GlobalSection(SolutionConfigurationPlatforms) = preSolution
		Debug|Any CPU = Debug|Any CPU
		Release|Any CPU = Release|Any CPU
	EndGlobalSection
	GlobalSection(SolutionProperties) = preSolution
		HideSolutionNode = FALSE
	EndGlobalSection
	GlobalSection(ProjectConfigurationPlatforms) = postSolution
		{6AFF6AA3-94C3-4C08-97D4-3B8D634C8264}.Debug|Any CPU.ActiveCfg = Debug|Any CPU
		{6AFF6AA3-94C3-4C08-97D4-3B8D634C8264}.Debug|Any CPU.Build.0 = Debug|Any CPU
		{6AFF6AA3-94C3-4C08-97D4-3B8D634C8264}.Release|Any CPU.ActiveCfg = Release|Any CPU
		{6AFF6AA3-94C3-4C08-97D4-3B8D634C8264}.Release|Any CPU.Build.0 = Release|Any CPU
	EndGlobalSection
	GlobalSection(NestedProjects) = preSolution
		{6AFF6AA3-94C3-4C08-97D4-3B8D634C8264} = {A5675096-4641-4708-B6BF-41B3218BC10B}
	EndGlobalSection
EndGlobal
